
Microsoft Visual Studio Solution File, Format Version 12.00
# Visual Studio Version 16
VisualStudioVersion = 16.0.30114.105
MinimumVisualStudioVersion = 10.0.40219.1
Project("{FAE04EC0-301F-11D3-BF4B-00C04F79EFBC}") = "TRMDataManager", "TRMDataManager\TRMDataManager.csproj", "{0B019E2A-A19A-41AC-893D-9EC386D1349D}"
EndProject
Project("{00D1A9C2-B5F0-4AF3-8072-F6C62B433612}") = "TRMData", "TRMData\TRMData.sqlproj", "{6419E7BD-B95C-47FA-BE7F-8A9FB0B36788}"
EndProject
Project("{FAE04EC0-301F-11D3-BF4B-00C04F79EFBC}") = "TRMDesktopUI", "TRMDesktopUI\TRMDesktopUI.csproj", "{5D7AC132-342E-4AA3-9741-9B8060D96697}"
EndProject
Project("{FAE04EC0-301F-11D3-BF4B-00C04F79EFBC}") = "TRMDataManager.Library", "TRMDataManager.Library\TRMDataManager.Library.csproj", "{4CF7C68C-A0BB-4065-8034-4827CFAFF632}"
EndProject
Project("{9A19103F-16F7-4668-BE54-9A1E7A4F7556}") = "TRMDesktopUI.Library", "TRMDesktopUI.Library\TRMDesktopUI.Library.csproj", "{29FAEE40-2EA9-483A-AC2B-0183D3E2744B}"
EndProject
Project("{2150E333-8FDC-42A3-9474-1A3956D46DE8}") = "Database", "Database", "{52FE8BDC-526F-4274-8934-4EFC4F4475DB}"
EndProject
Project("{2150E333-8FDC-42A3-9474-1A3956D46DE8}") = "API", "API", "{759D5DCF-7A15-49B7-B49D-8FAA4589DFFF}"
EndProject
Project("{2150E333-8FDC-42A3-9474-1A3956D46DE8}") = "WPF", "WPF", "{AE39843C-FBE4-42AC-96EC-B8B6518B7927}"
EndProject
Project("{FAE04EC0-301F-11D3-BF4B-00C04F79EFBC}") = "TRMApi", "TRMApi\TRMApi.csproj", "{08E8B4DF-FD19-4596-B506-50A0B476641C}"
EndProject
Global
	GlobalSection(SolutionConfigurationPlatforms) = preSolution
		Debug|Any CPU = Debug|Any CPU
		Release|Any CPU = Release|Any CPU
	EndGlobalSection
	GlobalSection(ProjectConfigurationPlatforms) = postSolution
		{0B019E2A-A19A-41AC-893D-9EC386D1349D}.Debug|Any CPU.ActiveCfg = Debug|Any CPU
		{0B019E2A-A19A-41AC-893D-9EC386D1349D}.Debug|Any CPU.Build.0 = Debug|Any CPU
		{0B019E2A-A19A-41AC-893D-9EC386D1349D}.Release|Any CPU.ActiveCfg = Release|Any CPU
		{0B019E2A-A19A-41AC-893D-9EC386D1349D}.Release|Any CPU.Build.0 = Release|Any CPU
		{6419E7BD-B95C-47FA-BE7F-8A9FB0B36788}.Debug|Any CPU.ActiveCfg = Debug|Any CPU
		{6419E7BD-B95C-47FA-BE7F-8A9FB0B36788}.Debug|Any CPU.Build.0 = Debug|Any CPU
		{6419E7BD-B95C-47FA-BE7F-8A9FB0B36788}.Debug|Any CPU.Deploy.0 = Debug|Any CPU
		{6419E7BD-B95C-47FA-BE7F-8A9FB0B36788}.Release|Any CPU.ActiveCfg = Release|Any CPU
		{6419E7BD-B95C-47FA-BE7F-8A9FB0B36788}.Release|Any CPU.Build.0 = Release|Any CPU
		{6419E7BD-B95C-47FA-BE7F-8A9FB0B36788}.Release|Any CPU.Deploy.0 = Release|Any CPU
		{5D7AC132-342E-4AA3-9741-9B8060D96697}.Debug|Any CPU.ActiveCfg = Debug|Any CPU
		{5D7AC132-342E-4AA3-9741-9B8060D96697}.Debug|Any CPU.Build.0 = Debug|Any CPU
		{5D7AC132-342E-4AA3-9741-9B8060D96697}.Release|Any CPU.ActiveCfg = Release|Any CPU
		{5D7AC132-342E-4AA3-9741-9B8060D96697}.Release|Any CPU.Build.0 = Release|Any CPU
		{4CF7C68C-A0BB-4065-8034-4827CFAFF632}.Debug|Any CPU.ActiveCfg = Debug|Any CPU
		{4CF7C68C-A0BB-4065-8034-4827CFAFF632}.Debug|Any CPU.Build.0 = Debug|Any CPU
		{4CF7C68C-A0BB-4065-8034-4827CFAFF632}.Release|Any CPU.ActiveCfg = Release|Any CPU
		{4CF7C68C-A0BB-4065-8034-4827CFAFF632}.Release|Any CPU.Build.0 = Release|Any CPU
		{29FAEE40-2EA9-483A-AC2B-0183D3E2744B}.Debug|Any CPU.ActiveCfg = Debug|Any CPU
		{29FAEE40-2EA9-483A-AC2B-0183D3E2744B}.Debug|Any CPU.Build.0 = Debug|Any CPU
		{29FAEE40-2EA9-483A-AC2B-0183D3E2744B}.Release|Any CPU.ActiveCfg = Release|Any CPU
		{29FAEE40-2EA9-483A-AC2B-0183D3E2744B}.Release|Any CPU.Build.0 = Release|Any CPU
		{08E8B4DF-FD19-4596-B506-50A0B476641C}.Debug|Any CPU.ActiveCfg = Debug|Any CPU
		{08E8B4DF-FD19-4596-B506-50A0B476641C}.Debug|Any CPU.Build.0 = Debug|Any CPU
		{08E8B4DF-FD19-4596-B506-50A0B476641C}.Release|Any CPU.ActiveCfg = Release|Any CPU
		{08E8B4DF-FD19-4596-B506-50A0B476641C}.Release|Any CPU.Build.0 = Release|Any CPU
	EndGlobalSection
	GlobalSection(SolutionProperties) = preSolution
		HideSolutionNode = FALSE
	EndGlobalSection
	GlobalSection(NestedProjects) = preSolution
		{0B019E2A-A19A-41AC-893D-9EC386D1349D} = {759D5DCF-7A15-49B7-B49D-8FAA4589DFFF}
		{6419E7BD-B95C-47FA-BE7F-8A9FB0B36788} = {52FE8BDC-526F-4274-8934-4EFC4F4475DB}
		{5D7AC132-342E-4AA3-9741-9B8060D96697} = {AE39843C-FBE4-42AC-96EC-B8B6518B7927}
		{4CF7C68C-A0BB-4065-8034-4827CFAFF632} = {759D5DCF-7A15-49B7-B49D-8FAA4589DFFF}
		{29FAEE40-2EA9-483A-AC2B-0183D3E2744B} = {AE39843C-FBE4-42AC-96EC-B8B6518B7927}
		{08E8B4DF-FD19-4596-B506-50A0B476641C} = {759D5DCF-7A15-49B7-B49D-8FAA4589DFFF}
	EndGlobalSection
	GlobalSection(ExtensibilityGlobals) = postSolution
		SolutionGuid = {404F31CE-FE91-420D-9F15-DF17DE7966BC}
	EndGlobalSection
EndGlobal
